
Microsoft Visual Studio Solution File, Format Version 12.00
# Visual Studio Version 16
VisualStudioVersion = 16.0.31321.278
MinimumVisualStudioVersion = 10.0.40219.1
Project("{FAE04EC0-301F-11D3-BF4B-00C04F79EFBC}") = "WebApplication1", "WebApplication1\WebApplication1.csproj", "{DAE16FB5-E8CF-4CBC-ACAD-8309BC81981A}"
EndProject
Global
	GlobalSection(SolutionConfigurationPlatforms) = preSolution
		Debug|Any CPU = Debug|Any CPU
		Release|Any CPU = Release|Any CPU
	EndGlobalSection
	GlobalSection(ProjectConfigurationPlatforms) = postSolution
		{DAE16FB5-E8CF-4CBC-ACAD-8309BC81981A}.Debug|Any CPU.ActiveCfg = Debug|Any CPU
		{DAE16FB5-E8CF-4CBC-ACAD-8309BC81981A}.Debug|Any CPU.Build.0 = Debug|Any CPU
		{DAE16FB5-E8CF-4CBC-ACAD-8309BC81981A}.Release|Any CPU.ActiveCfg = Release|Any CPU
		{DAE16FB5-E8CF-4CBC-ACAD-8309BC81981A}.Release|Any CPU.Build.0 = Release|Any CPU
	EndGlobalSection
	GlobalSection(SolutionProperties) = preSolution
		HideSolutionNode = FALSE
	EndGlobalSection
	GlobalSection(ExtensibilityGlobals) = postSolution
		SolutionGuid = {1597A298-6F73-44F2-B7EC-50E4A8895E20}
	EndGlobalSection
EndGlobal
